{
  "name": "django-starter",
  "version": "1.0.0",
  "lockfileVersion": 3,
  "requires": true,
  "packages": {
    "": {
      "name": "django-starter",
      "version": "1.0.0",
      "dependencies": {
        "@fontsource/inter": "^5.2.8",
        "@fontsource/montserrat": "^5.2.8",
        "bootstrap": "^5.3.3"
      },
      "engines": {
        "node": ">=18.0.0",
        "npm": ">=9.0.0"
      }
    },
    "node_modules/@fontsource/inter": {
      "version": "5.2.8",
      "resolved": "https://registry.npmjs.org/@fontsource/inter/-/inter-5.2.8.tgz",
      "integrity": "sha512-P6r5WnJoKiNVV+zvW2xM13gNdFhAEpQ9dQJHt3naLvfg+LkF2ldgSLiF4T41lf1SQCM9QmkqPTn4TH568IRagg==",
      "license": "OFL-1.1",
      "funding": {
        "url": "https://github.com/sponsors/ayuhito"
      }
    },
    "node_modules/@fontsource/montserrat": {
      "version": "5.2.8",
      "resolved": "https://registry.npmjs.org/@fontsource/montserrat/-/montserrat-5.2.8.tgz",
      "integrity": "sha512-xTjLxSbSfCycDB0pwmNsfNvdfWPaDaRQ2LC6yt/ZI7SdvXG52zHnzNYC/09mzuAuWNJyShkteutfCoDgym56hQ==",
      "license": "OFL-1.1",
      "funding": {
        "url": "https://github.com/sponsors/ayuhito"
      }
    },
    "node_modules/@popperjs/core": {
      "version": "2.11.8",
      "resolved": "https://registry.npmjs.org/@popperjs/core/-/core-2.11.8.tgz",
      "integrity": "sha512-P1st0aksCrn9sGZhp8GMYwBnQsbvAWsZAX44oXNNvLHGqAOcoVxmjZiohstwQ7SqKnbR47akdNi+uleWD8+g6A==",
      "license": "MIT",
      "peer": true,
      "funding": {
        "type": "opencollective",
        "url": "https://opencollective.com/popperjs"
      }
    },
    "node_modules/bootstrap": {
      "version": "5.3.3",
      "resolved": "https://registry.npmjs.org/bootstrap/-/bootstrap-5.3.3.tgz",
      "integrity": "sha512-8HLCdWgyoMguSO9o+aH+iuZ+aht+mzW0u3HIMzVu7Srrpv7EBBxTnrFlSCskwdY1+EOFQSm7uMJhNQHkdPcmjg==",
      "funding": [
        {
          "type": "github",
          "url": "https://github.com/sponsors/twbs"
        },
        {
          "type": "opencollective",
          "url": "https://opencollective.com/bootstrap"
        }
      ],
      "license": "MIT",
      "peerDependencies": {
        "@popperjs/core": "^2.11.8"
      }
    }
  }
}
